{
  "version": 4,
  "terraform_version": "1.2.0",
  "serial": 78,
  "lineage": "c01c8471-5812-5f8a-8725-58a8751a916a",
  "outputs": {},
  "resources": [
    {
      "mode": "data",
      "type": "google_client_config",
      "name": "default",
      "provider": "provider[\"registry.terraform.io/hashicorp/google\"]",
      "instances": [
        {
          "schema_version": 0,
          "attributes": {
            "access_token": "ya29.a0Ael9sCM7NU77weIcuisS7LE5bvUj_vf7WANIY8C1zHSLpbjMp8tyv7hRtsDcuD4i6GVSldqsaK2BqZ4REPQeGYXzTj6FQg3p5eczQR8cejWgvf5MydgWUIT2dL2SJaLVtOF_jMVy2FcfF-RcFCTVHcp2bfj6I0nMaCgYKAeASARASFQF4udJhkQwSxS6YWVGpfe5actMt5w0167",
            "id": "projects/axkfjq0kgst4vrop0zyw812xwjmjtg/regions/europe-west1/zones/europe-west1-a",
            "project": "axkfjq0kgst4vrop0zyw812xwjmjtg",
            "region": "europe-west1",
            "zone": "europe-west1-a"
          },
          "sensitive_attributes": []
        }
      ]
    },
    {
      "mode": "data",
      "type": "kubectl_path_documents",
      "name": "service_app_web",
      "provider": "provider[\"registry.terraform.io/gavinbunney/kubectl\"]",
      "instances": [
        {
          "schema_version": 0,
          "attributes": {
            "disable_template": false,
            "documents": [
              "apiVersion: v1\nkind: Service\nmetadata:\n  name: nuwe-service-app\n  namespace: mediamarkt-web-ns\nspec:\n  type: LoadBalancer\n  selector:\n    app: nuwe-web-app\n  ports:\n  - protocol: TCP\n    port: 80\n    targetPort: 3000"
            ],
            "id": "8b0d3cb92977fc88fd2cbec57cdcc3a0e66496d14de1707ed3845d016176630e",
            "manifests": {
              "/api/v1/namespaces/mediamarkt-web-ns/services/nuwe-service-app": "apiVersion: v1\nkind: Service\nmetadata:\n  name: nuwe-service-app\n  namespace: mediamarkt-web-ns\nspec:\n  ports:\n  - port: 80\n    protocol: TCP\n    targetPort: 3000\n  selector:\n    app: nuwe-web-app\n  type: LoadBalancer\n"
            },
            "pattern": "./manifests/web_service.yaml",
            "sensitive_vars": null,
            "vars": {
              "app": "nuwe-web-app",
              "name": "nuwe-service-app",
              "namespace": "mediamarkt-web-ns",
              "port": "80",
              "target_port": "3000",
              "type_service": "LoadBalancer"
            }
          },
          "sensitive_attributes": []
        }
      ]
    },
    {
      "mode": "managed",
      "type": "google_artifact_registry_repository",
      "name": "repo_docker_images",
      "provider": "provider[\"registry.terraform.io/hashicorp/google\"]",
      "instances": [
        {
          "schema_version": 0,
          "attributes": {
            "create_time": "2023-03-25T14:43:34.175329Z",
            "description": "Repo for Docker images used on MediaMarkt Hackathon",
            "format": "DOCKER",
            "id": "projects/axkfjq0kgst4vrop0zyw812xwjmjtg/locations/europe-west1/repositories/mmds-nuwe-lucabem-cloud-repo",
            "kms_key_name": "",
            "labels": {
              "company": "nuwe",
              "owner": "lucabem",
              "sponsor": "mediamarkt",
              "terraform": "true"
            },
            "location": "europe-west1",
            "maven_config": [],
            "name": "mmds-nuwe-lucabem-cloud-repo",
            "project": "axkfjq0kgst4vrop0zyw812xwjmjtg",
            "repository_id": "mmds-nuwe-lucabem-cloud-repo",
            "timeouts": null,
            "update_time": "2023-03-25T14:43:34.175329Z"
          },
          "sensitive_attributes": [],
          "private": "eyJlMmJmYjczMC1lY2FhLTExZTYtOGY4OC0zNDM2M2JjN2M0YzAiOnsiY3JlYXRlIjoxMjAwMDAwMDAwMDAwLCJkZWxldGUiOjEyMDAwMDAwMDAwMDAsInVwZGF0ZSI6MTIwMDAwMDAwMDAwMH19"
        }
      ]
    },
    {
      "mode": "managed",
      "type": "google_cloudbuild_trigger",
      "name": "trigger_on_push_on_dev_repo",
      "provider": "provider[\"registry.terraform.io/hashicorp/google\"]",
      "instances": [
        {
          "schema_version": 2,
          "attributes": {
            "approval_config": [
              {
                "approval_required": false
              }
            ],
            "bitbucket_server_trigger_config": [],
            "build": [],
            "create_time": "2023-03-25T14:44:37.142936846Z",
            "description": "Generates docker images for non-production env. Not needed approval",
            "disabled": false,
            "filename": "ci/cloud-build.yaml",
            "filter": "",
            "git_file_source": [],
            "github": [
              {
                "enterprise_config_resource_name": "",
                "name": "mms-cloud-skeleton",
                "owner": "lucabem",
                "pull_request": [],
                "push": [
                  {
                    "branch": "^master$",
                    "invert_regex": true,
                    "tag": ""
                  }
                ]
              }
            ],
            "id": "projects/axkfjq0kgst4vrop0zyw812xwjmjtg/locations/europe-west1/triggers/6abfe9da-6ef2-4fb9-a350-a6b0ac64e5f8",
            "ignored_files": [],
            "include_build_logs": "INCLUDE_BUILD_LOGS_WITH_STATUS",
            "included_files": [],
            "location": "europe-west1",
            "name": "launch-cloud-build-on-non-production-env",
            "project": "axkfjq0kgst4vrop0zyw812xwjmjtg",
            "pubsub_config": [],
            "service_account": "",
            "source_to_build": [],
            "substitutions": {
              "_IMAGE": "mms-cloud-web",
              "_REPOSITORY": "mmds-nuwe-lucabem-cloud-repo"
            },
            "tags": [],
            "timeouts": null,
            "trigger_id": "6abfe9da-6ef2-4fb9-a350-a6b0ac64e5f8",
            "trigger_template": [],
            "webhook_config": []
          },
          "sensitive_attributes": [],
          "private": "eyJlMmJmYjczMC1lY2FhLTExZTYtOGY4OC0zNDM2M2JjN2M0YzAiOnsiY3JlYXRlIjoxMjAwMDAwMDAwMDAwLCJkZWxldGUiOjEyMDAwMDAwMDAwMDAsInVwZGF0ZSI6MTIwMDAwMDAwMDAwMH0sInNjaGVtYV92ZXJzaW9uIjoiMiJ9",
          "dependencies": [
            "google_artifact_registry_repository.repo_docker_images"
          ]
        }
      ]
    },
    {
      "mode": "managed",
      "type": "google_cloudbuild_trigger",
      "name": "trigger_on_push_on_main_repo",
      "provider": "provider[\"registry.terraform.io/hashicorp/google\"]",
      "instances": [
        {
          "schema_version": 2,
          "attributes": {
            "approval_config": [
              {
                "approval_required": true
              }
            ],
            "bitbucket_server_trigger_config": [],
            "build": [],
            "create_time": "2023-03-25T14:44:07.836214669Z",
            "description": "Generates docker images for production env. Needed approval",
            "disabled": false,
            "filename": "ci/cloud-build.yaml",
            "filter": "",
            "git_file_source": [],
            "github": [
              {
                "enterprise_config_resource_name": "",
                "name": "mms-cloud-skeleton",
                "owner": "lucabem",
                "pull_request": [],
                "push": [
                  {
                    "branch": "",
                    "invert_regex": false,
                    "tag": ".*"
                  }
                ]
              }
            ],
            "id": "projects/axkfjq0kgst4vrop0zyw812xwjmjtg/locations/europe-west1/triggers/6536b6f3-996c-4856-85da-aafec41e0126",
            "ignored_files": [],
            "include_build_logs": "INCLUDE_BUILD_LOGS_WITH_STATUS",
            "included_files": [],
            "location": "europe-west1",
            "name": "launch-cloud-build-on-push-to-main",
            "project": "axkfjq0kgst4vrop0zyw812xwjmjtg",
            "pubsub_config": [],
            "service_account": "",
            "source_to_build": [],
            "substitutions": {
              "_IMAGE": "mms-cloud-web",
              "_REPOSITORY": "mmds-nuwe-lucabem-cloud-repo"
            },
            "tags": [],
            "timeouts": null,
            "trigger_id": "6536b6f3-996c-4856-85da-aafec41e0126",
            "trigger_template": [],
            "webhook_config": []
          },
          "sensitive_attributes": [],
          "private": "eyJlMmJmYjczMC1lY2FhLTExZTYtOGY4OC0zNDM2M2JjN2M0YzAiOnsiY3JlYXRlIjoxMjAwMDAwMDAwMDAwLCJkZWxldGUiOjEyMDAwMDAwMDAwMDAsInVwZGF0ZSI6MTIwMDAwMDAwMDAwMH0sInNjaGVtYV92ZXJzaW9uIjoiMiJ9",
          "dependencies": [
            "google_artifact_registry_repository.repo_docker_images"
          ]
        }
      ]
    },
    {
      "mode": "managed",
      "type": "google_container_cluster",
      "name": "gcc_cluster",
      "provider": "provider[\"registry.terraform.io/hashicorp/google\"]",
      "instances": [
        {
          "schema_version": 1,
          "attributes": {
            "addons_config": [
              {
                "cloudrun_config": [],
                "config_connector_config": [],
                "dns_cache_config": [],
                "gce_persistent_disk_csi_driver_config": [
                  {
                    "enabled": true
                  }
                ],
                "gcp_filestore_csi_driver_config": [],
                "gke_backup_agent_config": [],
                "horizontal_pod_autoscaling": [],
                "http_load_balancing": [],
                "network_policy_config": [
                  {
                    "disabled": true
                  }
                ]
              }
            ],
            "authenticator_groups_config": [],
            "binary_authorization": [
              {
                "enabled": false,
                "evaluation_mode": ""
              }
            ],
            "cluster_autoscaling": [
              {
                "auto_provisioning_defaults": [],
                "enabled": false,
                "resource_limits": []
              }
            ],
            "cluster_ipv4_cidr": "10.100.0.0/14",
            "confidential_nodes": [],
            "cost_management_config": [],
            "database_encryption": [
              {
                "key_name": "",
                "state": "DECRYPTED"
              }
            ],
            "datapath_provider": "",
            "default_max_pods_per_node": null,
            "default_snat_status": [
              {
                "disabled": false
              }
            ],
            "description": "",
            "dns_config": [],
            "enable_autopilot": false,
            "enable_binary_authorization": false,
            "enable_intranode_visibility": false,
            "enable_kubernetes_alpha": false,
            "enable_l4_ilb_subsetting": false,
            "enable_legacy_abac": false,
            "enable_shielded_nodes": true,
            "enable_tpu": false,
            "endpoint": "104.155.1.125",
            "gateway_api_config": [],
            "id": "projects/axkfjq0kgst4vrop0zyw812xwjmjtg/locations/europe-west1/clusters/mmds-nuwe-lucabem-cluster",
            "initial_node_count": 1,
            "ip_allocation_policy": [],
            "label_fingerprint": "26ba926d",
            "location": "europe-west1",
            "logging_config": [
              {
                "enable_components": [
                  "SYSTEM_COMPONENTS",
                  "WORKLOADS"
                ]
              }
            ],
            "logging_service": "logging.googleapis.com/kubernetes",
            "maintenance_policy": [],
            "master_auth": [
              {
                "client_certificate": "",
                "client_certificate_config": [
                  {
                    "issue_client_certificate": false
                  }
                ],
                "client_key": "",
                "cluster_ca_certificate": "LS0tLS1CRUdJTiBDRVJUSUZJQ0FURS0tLS0tCk1JSUVMRENDQXBTZ0F3SUJBZ0lRRXZEaDhBS0ZMdXVacndpb3VjRlFPakFOQmdrcWhraUc5dzBCQVFzRkFEQXYKTVMwd0t3WURWUVFERXlRd1lqUXhZMlkxTWkwMk9UazRMVFJoTm1JdE9HVmtOeTAyWkRnMk16RTFNMll4T0dRdwpJQmNOTWpNd016STFNVE0wTlRFeldoZ1BNakExTXpBek1UY3hORFExTVROYU1DOHhMVEFyQmdOVkJBTVRKREJpCk5ERmpaalV5TFRZNU9UZ3ROR0UyWWkwNFpXUTNMVFprT0RZek1UVXpaakU0WkRDQ0FhSXdEUVlKS29aSWh2Y04KQVFFQkJRQURnZ0dQQURDQ0FZb0NnZ0dCQUpSSVNTclE4cTUxQzR2S0d3dDFQenBPQ0R4TlpTYU1LK0Y4R1N3QgpwOEV2dFk4cFFSS1BSK1ZlWnJsaVoyTmFqMUs5WjR2MUtLS09Cc1hmRHlaNTVDNEJkSkRFYmg2aXZHdU1lcElUCklvR1pWU1RTTDF1ZFRYR29RK203QzZyNFVIRHpmNHVBd01uZGFGR3pMRXBFQS9iT0JLdlhYSDRVYnVlMUFtS3UKRlI2a1dYcDB6YjRPM3BsOEZhMWN3RHEwM2NrNy8wQmh3a0t5Y1hpVitkZFBSMFo3RHV2K0o5eDIvYmFJaEIxTgpSYzhRMktsOFdmQk9sMGwyRTFic0YySm9mZW9aWlFOTVdBS2RGcTdYb0tuMWF3M2Y3bEtPZjh3L2IzbWZsTTRrCmxmejBRckVhOXpNRkYrWmp6NnhPenZiVTJ4ZGZTYmtCaW4velZ4cFNJUkkwNjJaVEVJalhmUmt6MEFZR2poeUcKWmpDdEVic3pqL29QZmxHRlAyWWdseW5kS3Q3MVlxMnlXWlFTRkFaODRFMmkxS0lZRy9wWmZTSERKYUZrR1pGYQpkMkdBSm4rTTNZZFF6K1ZxMVZvRUY5SHk0UEJnbkwyZGZpOENzRWF3VGZNY1hGd3R5WlFnSWxhajcvY3VOQUY0Cm43bmI4YWQvWldUMkNjei8zZlkweHlwWml3SURBUUFCbzBJd1FEQU9CZ05WSFE4QkFmOEVCQU1DQWdRd0R3WUQKVlIwVEFRSC9CQVV3QXdFQi96QWRCZ05WSFE0RUZnUVVuS296WnVMNjFhcGwwL1pwSE5TNXZqNU5Zcll3RFFZSgpLb1pJaHZjTkFRRUxCUUFEZ2dHQkFHbjRPOFVPczJLeXZ0ak56VVZsYXFkOUNwVEZ2YjNVLzNiVHgrcWQ4YW4zCjJuTE9jQlJtOVBJSjFQekU1T3NoQjJUSjVhVnI2aWlhQUhveFp2cXROZ1d5bGFwNThhLzBtOUxvWk5vWG1oYysKNU5XVm5ZN2QzQXppQ1VvU1hrazFSM2RIWkhXU3B6SU1IQXRjbkg1VXR4OUxXL1UrMXVPZG5UZFRvTUh5N21kZQpveUc0bnFSNWdYZG00TUZxNStnQTJib0p5UEV2OCtzektCU2JZRFcyaDRPbmVUZWF5WW5mbHZlMzRDd2xKV3k3Ck1xa01aYlNIdDhRT1JCSGs1Mk1jSDJyZjRIekllLzZCSzMvbzFGN1NyVERjY1FWS1dadU0yN3BCZm85VnN6cWEKWS9haisvblBySUs5amxJd3cyK0lvMmdITnJXa0pQbVhiNHBJUy9zWWpaVWZTTE5CMGQ5NGV1N2ZieHc3RzJTMQpLUkZwWGg4Rlc1WlA3VmxWNzBreVQ5SEpST3Njd3ViQStwOXJPaHcwb3FYOWJvYkM3aVIvVDRha0VreEduTGtsCjVyZUp4cFpoWWF6ZDdvUVJxKzJWTGJra3FGTnduRU5VNDNxRTRIa2RaN1N4OUE0TW9SQkE2RkFtYXFqaExjYlIKSkRSbjVjS1BBcEdNQWVlRmxsQU1rQT09Ci0tLS0tRU5EIENFUlRJRklDQVRFLS0tLS0K"
              }
            ],
            "master_authorized_networks_config": [],
            "master_version": "1.24.9-gke.3200",
            "mesh_certificates": [],
            "min_master_version": null,
            "monitoring_config": [
              {
                "enable_components": [
                  "SYSTEM_COMPONENTS"
                ],
                "managed_prometheus": []
              }
            ],
            "monitoring_service": "monitoring.googleapis.com/kubernetes",
            "name": "mmds-nuwe-lucabem-cluster",
            "network": "projects/axkfjq0kgst4vrop0zyw812xwjmjtg/global/networks/default",
            "network_policy": [
              {
                "enabled": false,
                "provider": "PROVIDER_UNSPECIFIED"
              }
            ],
            "networking_mode": "ROUTES",
            "node_config": [
              {
                "boot_disk_kms_key": "",
                "disk_size_gb": 100,
                "disk_type": "pd-balanced",
                "gcfs_config": [],
                "guest_accelerator": [],
                "gvnic": [],
                "image_type": "COS_CONTAINERD",
                "kubelet_config": [],
                "labels": {},
                "linux_node_config": [],
                "local_ssd_count": 0,
                "logging_variant": "DEFAULT",
                "machine_type": "e2-medium",
                "metadata": {
                  "disable-legacy-endpoints": "true"
                },
                "min_cpu_platform": "",
                "node_group": "",
                "oauth_scopes": [
                  "https://www.googleapis.com/auth/devstorage.read_only",
                  "https://www.googleapis.com/auth/logging.write",
                  "https://www.googleapis.com/auth/monitoring",
                  "https://www.googleapis.com/auth/service.management.readonly",
                  "https://www.googleapis.com/auth/servicecontrol",
                  "https://www.googleapis.com/auth/trace.append"
                ],
                "preemptible": false,
                "reservation_affinity": [],
                "resource_labels": {},
                "service_account": "default",
                "shielded_instance_config": [
                  {
                    "enable_integrity_monitoring": true,
                    "enable_secure_boot": false
                  }
                ],
                "spot": false,
                "tags": [],
                "taint": [],
                "workload_metadata_config": []
              }
            ],
            "node_locations": [
              "europe-west1-b",
              "europe-west1-c",
              "europe-west1-d"
            ],
            "node_pool": [
              {
                "autoscaling": [],
                "initial_node_count": 1,
                "instance_group_urls": [
                  "https://www.googleapis.com/compute/v1/projects/axkfjq0kgst4vrop0zyw812xwjmjtg/zones/europe-west1-c/instanceGroupManagers/gke-mmds-nuwe-lucabem-cl-default-pool-c34e4ecb-grp",
                  "https://www.googleapis.com/compute/v1/projects/axkfjq0kgst4vrop0zyw812xwjmjtg/zones/europe-west1-d/instanceGroupManagers/gke-mmds-nuwe-lucabem-cl-default-pool-ad4c123e-grp",
                  "https://www.googleapis.com/compute/v1/projects/axkfjq0kgst4vrop0zyw812xwjmjtg/zones/europe-west1-b/instanceGroupManagers/gke-mmds-nuwe-lucabem-cl-default-pool-115aa1de-grp"
                ],
                "managed_instance_group_urls": [
                  "https://www.googleapis.com/compute/v1/projects/axkfjq0kgst4vrop0zyw812xwjmjtg/zones/europe-west1-c/instanceGroups/gke-mmds-nuwe-lucabem-cl-default-pool-c34e4ecb-grp",
                  "https://www.googleapis.com/compute/v1/projects/axkfjq0kgst4vrop0zyw812xwjmjtg/zones/europe-west1-d/instanceGroups/gke-mmds-nuwe-lucabem-cl-default-pool-ad4c123e-grp",
                  "https://www.googleapis.com/compute/v1/projects/axkfjq0kgst4vrop0zyw812xwjmjtg/zones/europe-west1-b/instanceGroups/gke-mmds-nuwe-lucabem-cl-default-pool-115aa1de-grp"
                ],
                "management": [
                  {
                    "auto_repair": true,
                    "auto_upgrade": true
                  }
                ],
                "max_pods_per_node": 0,
                "name": "default-pool",
                "name_prefix": "",
                "network_config": [
                  {
                    "create_pod_range": false,
                    "enable_private_nodes": false,
                    "pod_ipv4_cidr_block": "",
                    "pod_range": ""
                  }
                ],
                "node_config": [
                  {
                    "boot_disk_kms_key": "",
                    "disk_size_gb": 100,
                    "disk_type": "pd-balanced",
                    "gcfs_config": [],
                    "guest_accelerator": [],
                    "gvnic": [],
                    "image_type": "COS_CONTAINERD",
                    "kubelet_config": [],
                    "labels": {},
                    "linux_node_config": [],
                    "local_ssd_count": 0,
                    "logging_variant": "DEFAULT",
                    "machine_type": "e2-medium",
                    "metadata": {
                      "disable-legacy-endpoints": "true"
                    },
                    "min_cpu_platform": "",
                    "node_group": "",
                    "oauth_scopes": [
                      "https://www.googleapis.com/auth/devstorage.read_only",
                      "https://www.googleapis.com/auth/logging.write",
                      "https://www.googleapis.com/auth/monitoring",
                      "https://www.googleapis.com/auth/service.management.readonly",
                      "https://www.googleapis.com/auth/servicecontrol",
                      "https://www.googleapis.com/auth/trace.append"
                    ],
                    "preemptible": false,
                    "reservation_affinity": [],
                    "resource_labels": {},
                    "service_account": "default",
                    "shielded_instance_config": [
                      {
                        "enable_integrity_monitoring": true,
                        "enable_secure_boot": false
                      }
                    ],
                    "spot": false,
                    "tags": [],
                    "taint": [],
                    "workload_metadata_config": []
                  }
                ],
                "node_count": 1,
                "node_locations": [
                  "europe-west1-b",
                  "europe-west1-c",
                  "europe-west1-d"
                ],
                "placement_policy": [],
                "upgrade_settings": [
                  {
                    "blue_green_settings": [],
                    "max_surge": 1,
                    "max_unavailable": 0,
                    "strategy": "SURGE"
                  }
                ],
                "version": "1.24.9-gke.3200"
              }
            ],
            "node_pool_defaults": [
              {
                "node_config_defaults": [
                  {
                    "logging_variant": "DEFAULT"
                  }
                ]
              }
            ],
            "node_version": "1.24.9-gke.3200",
            "notification_config": [
              {
                "pubsub": [
                  {
                    "enabled": false,
                    "filter": [],
                    "topic": ""
                  }
                ]
              }
            ],
            "operation": null,
            "private_cluster_config": [
              {
                "enable_private_endpoint": false,
                "enable_private_nodes": false,
                "master_global_access_config": [
                  {
                    "enabled": false
                  }
                ],
                "master_ipv4_cidr_block": "",
                "peering_name": "",
                "private_endpoint": "10.132.0.19",
                "private_endpoint_subnetwork": "",
                "public_endpoint": "104.155.1.125"
              }
            ],
            "private_ipv6_google_access": "",
            "project": "axkfjq0kgst4vrop0zyw812xwjmjtg",
            "release_channel": [
              {
                "channel": "REGULAR"
              }
            ],
            "remove_default_node_pool": false,
            "resource_labels": {
              "company": "nuwe",
              "owner": "lucabem",
              "sponsor": "mediamarkt",
              "terraform": "true"
            },
            "resource_usage_export_config": [],
            "self_link": "https://container.googleapis.com/v1/projects/axkfjq0kgst4vrop0zyw812xwjmjtg/locations/europe-west1/clusters/mmds-nuwe-lucabem-cluster",
            "service_external_ips_config": [
              {
                "enabled": false
              }
            ],
            "services_ipv4_cidr": "10.103.240.0/20",
            "subnetwork": "projects/axkfjq0kgst4vrop0zyw812xwjmjtg/regions/europe-west1/subnetworks/default",
            "timeouts": null,
            "tpu_ipv4_cidr_block": "",
            "vertical_pod_autoscaling": [],
            "workload_identity_config": []
          },
          "sensitive_attributes": [],
          "private": "eyJlMmJmYjczMC1lY2FhLTExZTYtOGY4OC0zNDM2M2JjN2M0YzAiOnsiY3JlYXRlIjoyNDAwMDAwMDAwMDAwLCJkZWxldGUiOjI0MDAwMDAwMDAwMDAsInJlYWQiOjI0MDAwMDAwMDAwMDAsInVwZGF0ZSI6MzYwMDAwMDAwMDAwMH0sInNjaGVtYV92ZXJzaW9uIjoiMSJ9"
        }
      ]
    },
    {
      "mode": "managed",
      "type": "google_storage_bucket",
      "name": "default",
      "provider": "provider[\"registry.terraform.io/hashicorp/google\"]",
      "instances": [
        {
          "schema_version": 0,
          "attributes": {
            "autoclass": [],
            "cors": [],
            "custom_placement_config": [],
            "default_event_based_hold": false,
            "encryption": [],
            "force_destroy": false,
            "id": "mmds-nuwe-lucabem-bucket",
            "labels": {
              "company": "nuwe",
              "owner": "lucabem",
              "sponsor": "mediamarkt",
              "terraform": "true"
            },
            "lifecycle_rule": [],
            "location": "EU",
            "logging": [],
            "name": "mmds-nuwe-lucabem-bucket",
            "project": "axkfjq0kgst4vrop0zyw812xwjmjtg",
            "public_access_prevention": "inherited",
            "requester_pays": false,
            "retention_policy": [],
            "self_link": "https://www.googleapis.com/storage/v1/b/mmds-nuwe-lucabem-bucket",
            "storage_class": "STANDARD",
            "timeouts": null,
            "uniform_bucket_level_access": false,
            "url": "gs://mmds-nuwe-lucabem-bucket",
            "versioning": [],
            "website": []
          },
          "sensitive_attributes": [],
          "private": "eyJlMmJmYjczMC1lY2FhLTExZTYtOGY4OC0zNDM2M2JjN2M0YzAiOnsiY3JlYXRlIjo2MDAwMDAwMDAwMDAsInJlYWQiOjI0MDAwMDAwMDAwMCwidXBkYXRlIjoyNDAwMDAwMDAwMDB9fQ=="
        }
      ]
    },
    {
      "mode": "managed",
      "type": "kubectl_manifest",
      "name": "service_app_web",
      "provider": "provider[\"registry.terraform.io/gavinbunney/kubectl\"]",
      "instances": [
        {
          "index_key": 0,
          "schema_version": 1,
          "attributes": {
            "api_version": "v1",
            "apply_only": false,
            "force_conflicts": false,
            "force_new": true,
            "id": "/api/v1/namespaces/mediamarkt-web-ns/services/nuwe-service-app",
            "ignore_fields": null,
            "kind": "Service",
            "live_manifest_incluster": "07889657ed9dd08d67f265dd6d4d79299a754800a9c9326a4076c6ddc8f73c2a",
            "live_uid": "bc812aa2-0fe3-43c5-a602-5cb8d2b17085",
            "name": "nuwe-service-app",
            "namespace": "mediamarkt-web-ns",
            "override_namespace": null,
            "sensitive_fields": null,
            "server_side_apply": false,
            "timeouts": null,
            "uid": "bc812aa2-0fe3-43c5-a602-5cb8d2b17085",
            "validate_schema": true,
            "wait": false,
            "wait_for_rollout": false,
            "yaml_body": "apiVersion: v1\nkind: Service\nmetadata:\n  name: nuwe-service-app\n  namespace: mediamarkt-web-ns\nspec:\n  type: LoadBalancer\n  selector:\n    app: nuwe-web-app\n  ports:\n  - protocol: TCP\n    port: 80\n    targetPort: 3000",
            "yaml_body_parsed": "apiVersion: v1\nkind: Service\nmetadata:\n  name: nuwe-service-app\n  namespace: mediamarkt-web-ns\nspec:\n  ports:\n  - port: 80\n    protocol: TCP\n    targetPort: 3000\n  selector:\n    app: nuwe-web-app\n  type: LoadBalancer\n",
            "yaml_incluster": "07889657ed9dd08d67f265dd6d4d79299a754800a9c9326a4076c6ddc8f73c2a"
          },
          "sensitive_attributes": [],
          "private": "eyJlMmJmYjczMC1lY2FhLTExZTYtOGY4OC0zNDM2M2JjN2M0YzAiOnsiY3JlYXRlIjo2MDAwMDAwMDAwMDB9LCJzY2hlbWFfdmVyc2lvbiI6IjEifQ==",
          "dependencies": [
            "data.google_client_config.default",
            "data.kubectl_path_documents.service_app_web",
            "google_container_cluster.gcc_cluster"
          ]
        }
      ]
    },
    {
      "mode": "managed",
      "type": "kubernetes_deployment",
      "name": "deployment_app_web",
      "provider": "provider[\"registry.terraform.io/hashicorp/kubernetes\"]",
      "instances": [
        {
          "schema_version": 1,
          "attributes": {
            "id": "mediamarkt-web-ns/nuwe-web-app",
            "metadata": [
              {
                "annotations": {},
                "generate_name": "",
                "generation": 2,
                "labels": {
                  "company": "nuwe",
                  "owner": "lucabem",
                  "sponsor": "mediamarkt",
                  "terraform": "true"
                },
                "name": "nuwe-web-app",
                "namespace": "mediamarkt-web-ns",
                "resource_version": "36671",
                "uid": "a19dac09-bd22-47f9-97b3-6abf82a75eb4"
              }
            ],
            "spec": [
              {
                "min_ready_seconds": 0,
                "paused": false,
                "progress_deadline_seconds": 600,
                "replicas": "1",
                "revision_history_limit": 10,
                "selector": [
                  {
                    "match_expressions": [],
                    "match_labels": {
                      "app": "nuwe-web-app"
                    }
                  }
                ],
                "strategy": [
                  {
                    "rolling_update": [
                      {
                        "max_surge": "25%",
                        "max_unavailable": "25%"
                      }
                    ],
                    "type": "RollingUpdate"
                  }
                ],
                "template": [
                  {
                    "metadata": [
                      {
                        "annotations": {},
                        "generate_name": "",
                        "generation": 0,
                        "labels": {
                          "app": "nuwe-web-app"
                        },
                        "name": "",
                        "namespace": "",
                        "resource_version": "",
                        "uid": ""
                      }
                    ],
                    "spec": [
                      {
                        "active_deadline_seconds": 0,
                        "affinity": [],
                        "automount_service_account_token": true,
                        "container": [
                          {
                            "args": [],
                            "command": [],
                            "env": [],
                            "env_from": [],
                            "image": "europe-west1-docker.pkg.dev/axkfjq0kgst4vrop0zyw812xwjmjtg/mmds-nuwe-lucabem-cloud-repo/mms-cloud-web:1.0.4",
                            "image_pull_policy": "Always",
                            "lifecycle": [],
                            "liveness_probe": [],
                            "name": "nuwe-web-app",
                            "port": [
                              {
                                "container_port": 3000,
                                "host_ip": "",
                                "host_port": 0,
                                "name": "",
                                "protocol": "TCP"
                              }
                            ],
                            "readiness_probe": [],
                            "resources": [
                              {
                                "limits": {},
                                "requests": {}
                              }
                            ],
                            "security_context": [],
                            "startup_probe": [],
                            "stdin": false,
                            "stdin_once": false,
                            "termination_message_path": "/dev/termination-log",
                            "termination_message_policy": "File",
                            "tty": false,
                            "volume_mount": [],
                            "working_dir": ""
                          }
                        ],
                        "dns_config": [],
                        "dns_policy": "ClusterFirst",
                        "enable_service_links": true,
                        "host_aliases": [],
                        "host_ipc": false,
                        "host_network": false,
                        "host_pid": false,
                        "hostname": "",
                        "image_pull_secrets": [],
                        "init_container": [],
                        "node_name": "",
                        "node_selector": {},
                        "priority_class_name": "",
                        "readiness_gate": [],
                        "restart_policy": "Always",
                        "runtime_class_name": "",
                        "scheduler_name": "default-scheduler",
                        "security_context": [],
                        "service_account_name": "",
                        "share_process_namespace": false,
                        "subdomain": "",
                        "termination_grace_period_seconds": 30,
                        "toleration": [],
                        "topology_spread_constraint": [],
                        "volume": []
                      }
                    ]
                  }
                ]
              }
            ],
            "timeouts": null,
            "wait_for_rollout": true
          },
          "sensitive_attributes": [],
          "private": "eyJlMmJmYjczMC1lY2FhLTExZTYtOGY4OC0zNDM2M2JjN2M0YzAiOnsiY3JlYXRlIjo2MDAwMDAwMDAwMDAsImRlbGV0ZSI6NjAwMDAwMDAwMDAwLCJ1cGRhdGUiOjYwMDAwMDAwMDAwMH0sInNjaGVtYV92ZXJzaW9uIjoiMSJ9",
          "dependencies": [
            "data.google_client_config.default",
            "google_artifact_registry_repository.repo_docker_images",
            "google_container_cluster.gcc_cluster",
            "kubernetes_namespace.namespace_app_web"
          ]
        }
      ]
    },
    {
      "mode": "managed",
      "type": "kubernetes_namespace",
      "name": "namespace_app_web",
      "provider": "provider[\"registry.terraform.io/hashicorp/kubernetes\"]",
      "instances": [
        {
          "schema_version": 0,
          "attributes": {
            "id": "mediamarkt-web-ns",
            "metadata": [
              {
                "annotations": {},
                "generate_name": "",
                "generation": 0,
                "labels": {
                  "company": "nuwe",
                  "owner": "lucabem",
                  "sponsor": "mediamarkt",
                  "terraform": "true"
                },
                "name": "mediamarkt-web-ns",
                "resource_version": "24349",
                "uid": "fc7227ce-1c97-4c6e-8c1c-000e5fdc9beb"
              }
            ],
            "timeouts": null
          },
          "sensitive_attributes": [],
          "private": "eyJlMmJmYjczMC1lY2FhLTExZTYtOGY4OC0zNDM2M2JjN2M0YzAiOnsiZGVsZXRlIjozMDAwMDAwMDAwMDB9fQ==",
          "dependencies": [
            "data.google_client_config.default",
            "google_container_cluster.gcc_cluster"
          ]
        }
      ]
    }
  ]
}
